github.com/pebbe/util v0.9.0 h1:PMZd+CpWb8GbWEmFGlL3qd6XPuywl6xFIbrXWi870OA=
github.com/pebbe/util v0.9.0/go.mod h1:ynWl/SFX4+Seb9fpjVlYevr1f4TP7FrCmyZHiBCg69Q=
github.com/rug-compling/alpinods v1.13.1/go.mod h1:R3BBX8RIw9InVqHZ+1W+MsX8WX8uBkoVNNGE38mqF1Q=
github.com/rug-compling/alpinods v1.13.2-0.20230204154036-fabcf4c953b4 h1:PafZKXXP70+lQ+XCTuo0vivTIhJ3UvMkb4UsKx8EKe4=
github.com/rug-compling/alpinods v1.13.2-0.20230204154036-fabcf4c953b4/go.mod h1:R3BBX8RIw9InVqHZ+1W+MsX8WX8uBkoVNNGE38mqF1Q=
github.com/rug-compling/alud/v2 v2.8.4 h1:C2x3UtNnbxUt8cEY/aBeVwa5bmo7MPC9oDPrrc6v0nM=
github.com/rug-compling/alud/v2 v2.8.4/go.mod h1:BMJxpEd/dvl/WVkSBDupGQoSdAI2ElYf9RPfgBY4qMo=
